
Microsoft Visual Studio Solution File, Format Version 12.00
# Visual Studio Version 16
VisualStudioVersion = 16.0.29806.167
MinimumVisualStudioVersion = 10.0.40219.1
Project("{FAE04EC0-301F-11D3-BF4B-00C04F79EFBC}") = "remove_duplicates", "remove_duplicates\remove_duplicates.csproj", "{8B692F10-FFAD-4554-9D42-BE2145E92ACC}"
EndProject
Global
	GlobalSection(SolutionConfigurationPlatforms) = preSolution
		Debug|Any CPU = Debug|Any CPU
		Release|Any CPU = Release|Any CPU
	EndGlobalSection
	GlobalSection(ProjectConfigurationPlatforms) = postSolution
		{8B692F10-FFAD-4554-9D42-BE2145E92ACC}.Debug|Any CPU.ActiveCfg = Debug|Any CPU
		{8B692F10-FFAD-4554-9D42-BE2145E92ACC}.Debug|Any CPU.Build.0 = Debug|Any CPU
		{8B692F10-FFAD-4554-9D42-BE2145E92ACC}.Release|Any CPU.ActiveCfg = Release|Any CPU
		{8B692F10-FFAD-4554-9D42-BE2145E92ACC}.Release|Any CPU.Build.0 = Release|Any CPU
	EndGlobalSection
	GlobalSection(SolutionProperties) = preSolution
		HideSolutionNode = FALSE
	EndGlobalSection
	GlobalSection(ExtensibilityGlobals) = postSolution
		SolutionGuid = {462E6CEC-FAAF-4390-8B6E-5D43CD580573}
	EndGlobalSection
EndGlobal
